// !$*UTF8*$!
{
	archiveVersion = 1;
	classes = {
	};
	objectVersion = 56;
	objects = {

/* Begin PBXBuildFile section */
		791392EA298FE9BA00F43F42 /* AppDelegate.swift in Sources */ = {isa = PBXBuildFile; fileRef = 791392E9298FE9BA00F43F42 /* AppDelegate.swift */; };
		791392EC298FE9BA00F43F42 /* SceneDelegate.swift in Sources */ = {isa = PBXBuildFile; fileRef = 791392EB298FE9BA00F43F42 /* SceneDelegate.swift */; };
		791392F3298FE9BC00F43F42 /* Assets.xcassets in Resources */ = {isa = PBXBuildFile; fileRef = 791392F2298FE9BC00F43F42 /* Assets.xcassets */; };
		791392F6298FE9BC00F43F42 /* LaunchScreen.storyboard in Resources */ = {isa = PBXBuildFile; fileRef = 791392F4298FE9BC00F43F42 /* LaunchScreen.storyboard */; };
		79139305298FEA7200F43F42 /* ProfileViewModelType.swift in Sources */ = {isa = PBXBuildFile; fileRef = 79139301298FEA7200F43F42 /* ProfileViewModelType.swift */; };
		79139306298FEA7200F43F42 /* ProfileViewController.swift in Sources */ = {isa = PBXBuildFile; fileRef = 79139302298FEA7200F43F42 /* ProfileViewController.swift */; };
		79139307298FEA7200F43F42 /* ProfileViewModel.swift in Sources */ = {isa = PBXBuildFile; fileRef = 79139303298FEA7200F43F42 /* ProfileViewModel.swift */; };
		79139308298FEA7200F43F42 /* ProfileViewController.xib in Resources */ = {isa = PBXBuildFile; fileRef = 79139304298FEA7200F43F42 /* ProfileViewController.xib */; };
		79139313298FEC4F00F43F42 /* Networking in Frameworks */ = {isa = PBXBuildFile; productRef = 79139312298FEC4F00F43F42 /* Networking */; };
		79139315298FEC5400F43F42 /* Core in Frameworks */ = {isa = PBXBuildFile; productRef = 79139314298FEC5400F43F42 /* Core */; };
		79139317298FEC5700F43F42 /* Domain in Frameworks */ = {isa = PBXBuildFile; productRef = 79139316298FEC5700F43F42 /* Domain */; };
		79139319298FEC5B00F43F42 /* UIBostaStyle in Frameworks */ = {isa = PBXBuildFile; productRef = 79139318298FEC5B00F43F42 /* UIBostaStyle */; };
		7913931D298FECB100F43F42 /* SplashScreenViewController.swift in Sources */ = {isa = PBXBuildFile; fileRef = 7913931B298FECB100F43F42 /* SplashScreenViewController.swift */; };
		7913931E298FECB100F43F42 /* SplashScreenViewController.xib in Resources */ = {isa = PBXBuildFile; fileRef = 7913931C298FECB100F43F42 /* SplashScreenViewController.xib */; };
		79139324298FEE5C00F43F42 /* Coordinator.swift in Sources */ = {isa = PBXBuildFile; fileRef = 79139323298FEE5C00F43F42 /* Coordinator.swift */; };
		79139326298FEE7C00F43F42 /* SplashCoordinator.swift in Sources */ = {isa = PBXBuildFile; fileRef = 79139325298FEE7C00F43F42 /* SplashCoordinator.swift */; };
		79139328298FEF0C00F43F42 /* HomeCoordinator.swift in Sources */ = {isa = PBXBuildFile; fileRef = 79139327298FEF0C00F43F42 /* HomeCoordinator.swift */; };
		7913932A298FEFCA00F43F42 /* AppCoordinator.swift in Sources */ = {isa = PBXBuildFile; fileRef = 79139329298FEFCA00F43F42 /* AppCoordinator.swift */; };
		79463FB12990313600B59A92 /* UIViewController+Navigation.swift in Sources */ = {isa = PBXBuildFile; fileRef = 79463FB02990313600B59A92 /* UIViewController+Navigation.swift */; };
		79463FB5299031EB00B59A92 /* ProfileConstants.swift in Sources */ = {isa = PBXBuildFile; fileRef = 79463FB4299031EB00B59A92 /* ProfileConstants.swift */; };
		79463FB82990336200B59A92 /* RxCocoa in Frameworks */ = {isa = PBXBuildFile; productRef = 79463FB72990336200B59A92 /* RxCocoa */; };
		79463FBA2990336200B59A92 /* RxSwift in Frameworks */ = {isa = PBXBuildFile; productRef = 79463FB92990336200B59A92 /* RxSwift */; };
		79463FBE2990406300B59A92 /* AlbumTableViewCell.swift in Sources */ = {isa = PBXBuildFile; fileRef = 79463FBC2990406300B59A92 /* AlbumTableViewCell.swift */; };
		79463FBF2990406300B59A92 /* AlbumTableViewCell.xib in Resources */ = {isa = PBXBuildFile; fileRef = 79463FBD2990406300B59A92 /* AlbumTableViewCell.xib */; };
		79B3E3442990496900D05ECD /* AlbumPhotosViewModelType.swift in Sources */ = {isa = PBXBuildFile; fileRef = 79B3E3432990496900D05ECD /* AlbumPhotosViewModelType.swift */; };
		79B3E3462990499B00D05ECD /* AlbumPhotosViewModel.swift in Sources */ = {isa = PBXBuildFile; fileRef = 79B3E3452990499B00D05ECD /* AlbumPhotosViewModel.swift */; };
		79B3E34A29904B6600D05ECD /* AlbumPhotoCollectionViewCell.swift in Sources */ = {isa = PBXBuildFile; fileRef = 79B3E34829904B6600D05ECD /* AlbumPhotoCollectionViewCell.swift */; };
		79B3E34B29904B6600D05ECD /* AlbumPhotoCollectionViewCell.xib in Resources */ = {isa = PBXBuildFile; fileRef = 79B3E34929904B6600D05ECD /* AlbumPhotoCollectionViewCell.xib */; };
		79E6DA4929904880005B2AF1 /* AlbumPhotosViewController.swift in Sources */ = {isa = PBXBuildFile; fileRef = 79E6DA4729904880005B2AF1 /* AlbumPhotosViewController.swift */; };
		79E6DA4A29904880005B2AF1 /* AlbumPhotosViewController.xib in Resources */ = {isa = PBXBuildFile; fileRef = 79E6DA4829904880005B2AF1 /* AlbumPhotosViewController.xib */; };
		79F1517C29900F4400D8F5FD /* Moya in Frameworks */ = {isa = PBXBuildFile; productRef = 79F1517B29900F4400D8F5FD /* Moya */; };
/* End PBXBuildFile section */

/* Begin PBXFileReference section */
		791392E6298FE9BA00F43F42 /* Bosta-iOS-Task.app */ = {isa = PBXFileReference; explicitFileType = wrapper.application; includeInIndex = 0; path = "Bosta-iOS-Task.app"; sourceTree = BUILT_PRODUCTS_DIR; };
		791392E9298FE9BA00F43F42 /* AppDelegate.swift */ = {isa = PBXFileReference; lastKnownFileType = sourcecode.swift; path = AppDelegate.swift; sourceTree = "<group>"; };
		791392EB298FE9BA00F43F42 /* SceneDelegate.swift */ = {isa = PBXFileReference; lastKnownFileType = sourcecode.swift; path = SceneDelegate.swift; sourceTree = "<group>"; };
		791392F2298FE9BC00F43F42 /* Assets.xcassets */ = {isa = PBXFileReference; lastKnownFileType = folder.assetcatalog; path = Assets.xcassets; sourceTree = "<group>"; };
		791392F5298FE9BC00F43F42 /* Base */ = {isa = PBXFileReference; lastKnownFileType = file.storyboard; name = Base; path = Base.lproj/LaunchScreen.storyboard; sourceTree = "<group>"; };
		791392F7298FE9BC00F43F42 /* Info.plist */ = {isa = PBXFileReference; lastKnownFileType = text.plist.xml; path = Info.plist; sourceTree = "<group>"; };
		79139301298FEA7200F43F42 /* ProfileViewModelType.swift */ = {isa = PBXFileReference; lastKnownFileType = sourcecode.swift; path = ProfileViewModelType.swift; sourceTree = "<group>"; };
		79139302298FEA7200F43F42 /* ProfileViewController.swift */ = {isa = PBXFileReference; lastKnownFileType = sourcecode.swift; path = ProfileViewController.swift; sourceTree = "<group>"; };
		79139303298FEA7200F43F42 /* ProfileViewModel.swift */ = {isa = PBXFileReference; lastKnownFileType = sourcecode.swift; path = ProfileViewModel.swift; sourceTree = "<group>"; };
		79139304298FEA7200F43F42 /* ProfileViewController.xib */ = {isa = PBXFileReference; lastKnownFileType = file.xib; path = ProfileViewController.xib; sourceTree = "<group>"; };
		7913930D298FEB6600F43F42 /* Domain */ = {isa = PBXFileReference; lastKnownFileType = wrapper; path = Domain; sourceTree = "<group>"; };
		7913930E298FEB7900F43F42 /* Core */ = {isa = PBXFileReference; lastKnownFileType = wrapper; path = Core; sourceTree = "<group>"; };
		7913930F298FEB8800F43F42 /* Networking */ = {isa = PBXFileReference; lastKnownFileType = wrapper; path = Networking; sourceTree = "<group>"; };
		79139310298FEB9800F43F42 /* UIBostaStyle */ = {isa = PBXFileReference; lastKnownFileType = wrapper; path = UIBostaStyle; sourceTree = "<group>"; };
		7913931B298FECB100F43F42 /* SplashScreenViewController.swift */ = {isa = PBXFileReference; lastKnownFileType = sourcecode.swift; path = SplashScreenViewController.swift; sourceTree = "<group>"; };
		7913931C298FECB100F43F42 /* SplashScreenViewController.xib */ = {isa = PBXFileReference; lastKnownFileType = file.xib; path = SplashScreenViewController.xib; sourceTree = "<group>"; };
		79139323298FEE5C00F43F42 /* Coordinator.swift */ = {isa = PBXFileReference; lastKnownFileType = sourcecode.swift; path = Coordinator.swift; sourceTree = "<group>"; };
		79139325298FEE7C00F43F42 /* SplashCoordinator.swift */ = {isa = PBXFileReference; lastKnownFileType = sourcecode.swift; path = SplashCoordinator.swift; sourceTree = "<group>"; };
		79139327298FEF0C00F43F42 /* HomeCoordinator.swift */ = {isa = PBXFileReference; lastKnownFileType = sourcecode.swift; path = HomeCoordinator.swift; sourceTree = "<group>"; };
		79139329298FEFCA00F43F42 /* AppCoordinator.swift */ = {isa = PBXFileReference; lastKnownFileType = sourcecode.swift; path = AppCoordinator.swift; sourceTree = "<group>"; };
		79463FB02990313600B59A92 /* UIViewController+Navigation.swift */ = {isa = PBXFileReference; lastKnownFileType = sourcecode.swift; path = "UIViewController+Navigation.swift"; sourceTree = "<group>"; };
		79463FB4299031EB00B59A92 /* ProfileConstants.swift */ = {isa = PBXFileReference; lastKnownFileType = sourcecode.swift; path = ProfileConstants.swift; sourceTree = "<group>"; };
		79463FBC2990406300B59A92 /* AlbumTableViewCell.swift */ = {isa = PBXFileReference; lastKnownFileType = sourcecode.swift; path = AlbumTableViewCell.swift; sourceTree = "<group>"; };
		79463FBD2990406300B59A92 /* AlbumTableViewCell.xib */ = {isa = PBXFileReference; lastKnownFileType = file.xib; path = AlbumTableViewCell.xib; sourceTree = "<group>"; };
		79B3E3432990496900D05ECD /* AlbumPhotosViewModelType.swift */ = {isa = PBXFileReference; lastKnownFileType = sourcecode.swift; path = AlbumPhotosViewModelType.swift; sourceTree = "<group>"; };
		79B3E3452990499B00D05ECD /* AlbumPhotosViewModel.swift */ = {isa = PBXFileReference; lastKnownFileType = sourcecode.swift; path = AlbumPhotosViewModel.swift; sourceTree = "<group>"; };
		79B3E34829904B6600D05ECD /* AlbumPhotoCollectionViewCell.swift */ = {isa = PBXFileReference; lastKnownFileType = sourcecode.swift; path = AlbumPhotoCollectionViewCell.swift; sourceTree = "<group>"; };
		79B3E34929904B6600D05ECD /* AlbumPhotoCollectionViewCell.xib */ = {isa = PBXFileReference; lastKnownFileType = file.xib; path = AlbumPhotoCollectionViewCell.xib; sourceTree = "<group>"; };
		79E6DA4729904880005B2AF1 /* AlbumPhotosViewController.swift */ = {isa = PBXFileReference; lastKnownFileType = sourcecode.swift; path = AlbumPhotosViewController.swift; sourceTree = "<group>"; };
		79E6DA4829904880005B2AF1 /* AlbumPhotosViewController.xib */ = {isa = PBXFileReference; lastKnownFileType = file.xib; path = AlbumPhotosViewController.xib; sourceTree = "<group>"; };
/* End PBXFileReference section */

/* Begin PBXFrameworksBuildPhase section */
		791392E3298FE9BA00F43F42 /* Frameworks */ = {
			isa = PBXFrameworksBuildPhase;
			buildActionMask = 2147483647;
			files = (
				79463FB82990336200B59A92 /* RxCocoa in Frameworks */,
				79139319298FEC5B00F43F42 /* UIBostaStyle in Frameworks */,
				79139317298FEC5700F43F42 /* Domain in Frameworks */,
				79139313298FEC4F00F43F42 /* Networking in Frameworks */,
				79F1517C29900F4400D8F5FD /* Moya in Frameworks */,
				79139315298FEC5400F43F42 /* Core in Frameworks */,
				79463FBA2990336200B59A92 /* RxSwift in Frameworks */,
			);
			runOnlyForDeploymentPostprocessing = 0;
		};
/* End PBXFrameworksBuildPhase section */

/* Begin PBXGroup section */
		791392DD298FE9BA00F43F42 = {
			isa = PBXGroup;
			children = (
				7913930D298FEB6600F43F42 /* Domain */,
				7913930E298FEB7900F43F42 /* Core */,
				7913930F298FEB8800F43F42 /* Networking */,
				79139310298FEB9800F43F42 /* UIBostaStyle */,
				791392E8298FE9BA00F43F42 /* Bosta-iOS-Task */,
				791392E7298FE9BA00F43F42 /* Products */,
				79139311298FEC4F00F43F42 /* Frameworks */,
			);
			sourceTree = "<group>";
		};
		791392E7298FE9BA00F43F42 /* Products */ = {
			isa = PBXGroup;
			children = (
				791392E6298FE9BA00F43F42 /* Bosta-iOS-Task.app */,
			);
			name = Products;
			sourceTree = "<group>";
		};
		791392E8298FE9BA00F43F42 /* Bosta-iOS-Task */ = {
			isa = PBXGroup;
			children = (
				791392FD298FE9E500F43F42 /* Delegate */,
				791392FE298FEA0500F43F42 /* Utilities */,
				79463FAF2990312000B59A92 /* Extension */,
				79139322298FEE3B00F43F42 /* Coordinator */,
				791392FF298FEA5200F43F42 /* Scenes */,
			);
			path = "Bosta-iOS-Task";
			sourceTree = "<group>";
		};
		791392FD298FE9E500F43F42 /* Delegate */ = {
			isa = PBXGroup;
			children = (
				791392E9298FE9BA00F43F42 /* AppDelegate.swift */,
				791392EB298FE9BA00F43F42 /* SceneDelegate.swift */,
			);
			path = Delegate;
			sourceTree = "<group>";
		};
		791392FE298FEA0500F43F42 /* Utilities */ = {
			isa = PBXGroup;
			children = (
				791392F2298FE9BC00F43F42 /* Assets.xcassets */,
				791392F4298FE9BC00F43F42 /* LaunchScreen.storyboard */,
				791392F7298FE9BC00F43F42 /* Info.plist */,
			);
			path = Utilities;
			sourceTree = "<group>";
		};
		791392FF298FEA5200F43F42 /* Scenes */ = {
			isa = PBXGroup;
			children = (
				7913931A298FEC7E00F43F42 /* SplashScreen */,
				79139300298FEA5F00F43F42 /* Profile */,
				79E6DA4529904856005B2AF1 /* AlbumPhotos */,
			);
			path = Scenes;
			sourceTree = "<group>";
		};
		79139300298FEA5F00F43F42 /* Profile */ = {
			isa = PBXGroup;
			children = (
				79463FB3299031D500B59A92 /* Constant */,
				7913930A298FEB2900F43F42 /* View */,
				79139309298FEB1E00F43F42 /* ViewModel */,
			);
			path = Profile;
			sourceTree = "<group>";
		};
		79139309298FEB1E00F43F42 /* ViewModel */ = {
			isa = PBXGroup;
			children = (
				79139301298FEA7200F43F42 /* ProfileViewModelType.swift */,
				79139303298FEA7200F43F42 /* ProfileViewModel.swift */,
			);
			path = ViewModel;
			sourceTree = "<group>";
		};
		7913930A298FEB2900F43F42 /* View */ = {
			isa = PBXGroup;
			children = (
				7913930B298FEB2F00F43F42 /* Controller */,
				7913930C298FEB3400F43F42 /* Xib */,
				79463FBB2990405000B59A92 /* Cell */,
			);
			path = View;
			sourceTree = "<group>";
		};
		7913930B298FEB2F00F43F42 /* Controller */ = {
			isa = PBXGroup;
			children = (
				79139302298FEA7200F43F42 /* ProfileViewController.swift */,
			);
			path = Controller;
			sourceTree = "<group>";
		};
		7913930C298FEB3400F43F42 /* Xib */ = {
			isa = PBXGroup;
			children = (
				79139304298FEA7200F43F42 /* ProfileViewController.xib */,
			);
			path = Xib;
			sourceTree = "<group>";
		};
		79139311298FEC4F00F43F42 /* Frameworks */ = {
			isa = PBXGroup;
			children = (
			);
			name = Frameworks;
			sourceTree = "<group>";
		};
		7913931A298FEC7E00F43F42 /* SplashScreen */ = {
			isa = PBXGroup;
			children = (
				7913931F298FECBE00F43F42 /* View */,
			);
			path = SplashScreen;
			sourceTree = "<group>";
		};
		7913931F298FECBE00F43F42 /* View */ = {
			isa = PBXGroup;
			children = (
				79139320298FECC500F43F42 /* Controller */,
				79139321298FECCB00F43F42 /* Xib */,
			);
			path = View;
			sourceTree = "<group>";
		};
		79139320298FECC500F43F42 /* Controller */ = {
			isa = PBXGroup;
			children = (
				7913931B298FECB100F43F42 /* SplashScreenViewController.swift */,
			);
			path = Controller;
			sourceTree = "<group>";
		};
		79139321298FECCB00F43F42 /* Xib */ = {
			isa = PBXGroup;
			children = (
				7913931C298FECB100F43F42 /* SplashScreenViewController.xib */,
			);
			path = Xib;
			sourceTree = "<group>";
		};
		79139322298FEE3B00F43F42 /* Coordinator */ = {
			isa = PBXGroup;
			children = (
				79139323298FEE5C00F43F42 /* Coordinator.swift */,
				79139329298FEFCA00F43F42 /* AppCoordinator.swift */,
				79139325298FEE7C00F43F42 /* SplashCoordinator.swift */,
				79139327298FEF0C00F43F42 /* HomeCoordinator.swift */,
			);
			path = Coordinator;
			sourceTree = "<group>";
		};
		79463FAF2990312000B59A92 /* Extension */ = {
			isa = PBXGroup;
			children = (
				79463FB22990313900B59A92 /* UIViewController */,
			);
			path = Extension;
			sourceTree = "<group>";
		};
		79463FB22990313900B59A92 /* UIViewController */ = {
			isa = PBXGroup;
			children = (
				79463FB02990313600B59A92 /* UIViewController+Navigation.swift */,
			);
			path = UIViewController;
			sourceTree = "<group>";
		};
		79463FB3299031D500B59A92 /* Constant */ = {
			isa = PBXGroup;
			children = (
				79463FB4299031EB00B59A92 /* ProfileConstants.swift */,
			);
			path = Constant;
			sourceTree = "<group>";
		};
		79463FBB2990405000B59A92 /* Cell */ = {
			isa = PBXGroup;
			children = (
				79463FBC2990406300B59A92 /* AlbumTableViewCell.swift */,
				79463FBD2990406300B59A92 /* AlbumTableViewCell.xib */,
			);
			path = Cell;
			sourceTree = "<group>";
		};
		79B3E3402990494100D05ECD /* Controller */ = {
			isa = PBXGroup;
			children = (
				79E6DA4729904880005B2AF1 /* AlbumPhotosViewController.swift */,
			);
			path = Controller;
			sourceTree = "<group>";
		};
		79B3E3412990494700D05ECD /* Xib */ = {
			isa = PBXGroup;
			children = (
				79E6DA4829904880005B2AF1 /* AlbumPhotosViewController.xib */,
			);
			path = Xib;
			sourceTree = "<group>";
		};
		79B3E3422990495000D05ECD /* ViewModel */ = {
			isa = PBXGroup;
			children = (
				79B3E3432990496900D05ECD /* AlbumPhotosViewModelType.swift */,
				79B3E3452990499B00D05ECD /* AlbumPhotosViewModel.swift */,
			);
			path = ViewModel;
			sourceTree = "<group>";
		};
		79B3E34729904B3500D05ECD /* Cell */ = {
			isa = PBXGroup;
			children = (
				79B3E34829904B6600D05ECD /* AlbumPhotoCollectionViewCell.swift */,
				79B3E34929904B6600D05ECD /* AlbumPhotoCollectionViewCell.xib */,
			);
			path = Cell;
			sourceTree = "<group>";
		};
		79E6DA4529904856005B2AF1 /* AlbumPhotos */ = {
			isa = PBXGroup;
			children = (
				79E6DA462990486C005B2AF1 /* View */,
				79B3E3422990495000D05ECD /* ViewModel */,
			);
			path = AlbumPhotos;
			sourceTree = "<group>";
		};
		79E6DA462990486C005B2AF1 /* View */ = {
			isa = PBXGroup;
			children = (
				79B3E3402990494100D05ECD /* Controller */,
				79B3E3412990494700D05ECD /* Xib */,
				79B3E34729904B3500D05ECD /* Cell */,
			);
			path = View;
			sourceTree = "<group>";
		};
/* End PBXGroup section */

/* Begin PBXNativeTarget section */
		791392E5298FE9BA00F43F42 /* Bosta-iOS-Task */ = {
			isa = PBXNativeTarget;
			buildConfigurationList = 791392FA298FE9BC00F43F42 /* Build configuration list for PBXNativeTarget "Bosta-iOS-Task" */;
			buildPhases = (
				791392E2298FE9BA00F43F42 /* Sources */,
				791392E3298FE9BA00F43F42 /* Frameworks */,
				791392E4298FE9BA00F43F42 /* Resources */,
			);
			buildRules = (
			);
			dependencies = (
			);
			name = "Bosta-iOS-Task";
			packageProductDependencies = (
				79139312298FEC4F00F43F42 /* Networking */,
				79139314298FEC5400F43F42 /* Core */,
				79139316298FEC5700F43F42 /* Domain */,
				79139318298FEC5B00F43F42 /* UIBostaStyle */,
				79F1517B29900F4400D8F5FD /* Moya */,
				79463FB72990336200B59A92 /* RxCocoa */,
				79463FB92990336200B59A92 /* RxSwift */,
			);
			productName = "Bosta-iOS-Task";
			productReference = 791392E6298FE9BA00F43F42 /* Bosta-iOS-Task.app */;
			productType = "com.apple.product-type.application";
		};
/* End PBXNativeTarget section */

/* Begin PBXProject section */
		791392DE298FE9BA00F43F42 /* Project object */ = {
			isa = PBXProject;
			attributes = {
				BuildIndependentTargetsInParallel = 1;
				LastSwiftUpdateCheck = 1420;
				LastUpgradeCheck = 1420;
				TargetAttributes = {
					791392E5298FE9BA00F43F42 = {
						CreatedOnToolsVersion = 14.2;
					};
				};
			};
			buildConfigurationList = 791392E1298FE9BA00F43F42 /* Build configuration list for PBXProject "Bosta-iOS-Task" */;
			compatibilityVersion = "Xcode 14.0";
			developmentRegion = en;
			hasScannedForEncodings = 0;
			knownRegions = (
				en,
				Base,
			);
			mainGroup = 791392DD298FE9BA00F43F42;
			packageReferences = (
				79F1517A29900F4400D8F5FD /* XCRemoteSwiftPackageReference "Moya" */,
				79463FB62990336200B59A92 /* XCRemoteSwiftPackageReference "RxSwift" */,
			);
			productRefGroup = 791392E7298FE9BA00F43F42 /* Products */;
			projectDirPath = "";
			projectRoot = "";
			targets = (
				791392E5298FE9BA00F43F42 /* Bosta-iOS-Task */,
			);
		};
/* End PBXProject section */

/* Begin PBXResourcesBuildPhase section */
		791392E4298FE9BA00F43F42 /* Resources */ = {
			isa = PBXResourcesBuildPhase;
			buildActionMask = 2147483647;
			files = (
				79B3E34B29904B6600D05ECD /* AlbumPhotoCollectionViewCell.xib in Resources */,
				791392F6298FE9BC00F43F42 /* LaunchScreen.storyboard in Resources */,
				7913931E298FECB100F43F42 /* SplashScreenViewController.xib in Resources */,
				791392F3298FE9BC00F43F42 /* Assets.xcassets in Resources */,
				79463FBF2990406300B59A92 /* AlbumTableViewCell.xib in Resources */,
				79139308298FEA7200F43F42 /* ProfileViewController.xib in Resources */,
				79E6DA4A29904880005B2AF1 /* AlbumPhotosViewController.xib in Resources */,
			);
			runOnlyForDeploymentPostprocessing = 0;
		};
/* End PBXResourcesBuildPhase section */

/* Begin PBXSourcesBuildPhase section */
		791392E2298FE9BA00F43F42 /* Sources */ = {
			isa = PBXSourcesBuildPhase;
			buildActionMask = 2147483647;
			files = (
				79139307298FEA7200F43F42 /* ProfileViewModel.swift in Sources */,
				79B3E3442990496900D05ECD /* AlbumPhotosViewModelType.swift in Sources */,
				79B3E34A29904B6600D05ECD /* AlbumPhotoCollectionViewCell.swift in Sources */,
				79139326298FEE7C00F43F42 /* SplashCoordinator.swift in Sources */,
				7913932A298FEFCA00F43F42 /* AppCoordinator.swift in Sources */,
				79E6DA4929904880005B2AF1 /* AlbumPhotosViewController.swift in Sources */,
				79139328298FEF0C00F43F42 /* HomeCoordinator.swift in Sources */,
				79139305298FEA7200F43F42 /* ProfileViewModelType.swift in Sources */,
				7913931D298FECB100F43F42 /* SplashScreenViewController.swift in Sources */,
				79139306298FEA7200F43F42 /* ProfileViewController.swift in Sources */,
				79463FB5299031EB00B59A92 /* ProfileConstants.swift in Sources */,
				791392EA298FE9BA00F43F42 /* AppDelegate.swift in Sources */,
				791392EC298FE9BA00F43F42 /* SceneDelegate.swift in Sources */,
				79463FBE2990406300B59A92 /* AlbumTableViewCell.swift in Sources */,
				79139324298FEE5C00F43F42 /* Coordinator.swift in Sources */,
				79463FB12990313600B59A92 /* UIViewController+Navigation.swift in Sources */,
				79B3E3462990499B00D05ECD /* AlbumPhotosViewModel.swift in Sources */,
			);
			runOnlyForDeploymentPostprocessing = 0;
		};
/* End PBXSourcesBuildPhase section */

/* Begin PBXVariantGroup section */
		791392F4298FE9BC00F43F42 /* LaunchScreen.storyboard */ = {
			isa = PBXVariantGroup;
			children = (
				791392F5298FE9BC00F43F42 /* Base */,
			);
			name = LaunchScreen.storyboard;
			sourceTree = "<group>";
		};
/* End PBXVariantGroup section */

/* Begin XCBuildConfiguration section */
		791392F8298FE9BC00F43F42 /* Debug */ = {
			isa = XCBuildConfiguration;
			buildSettings = {
				ALWAYS_SEARCH_USER_PATHS = NO;
				CLANG_ANALYZER_NONNULL = YES;
				CLANG_ANALYZER_NUMBER_OBJECT_CONVERSION = YES_AGGRESSIVE;
				CLANG_CXX_LANGUAGE_STANDARD = "gnu++20";
				CLANG_ENABLE_MODULES = YES;
				CLANG_ENABLE_OBJC_ARC = YES;
				CLANG_ENABLE_OBJC_WEAK = YES;
				CLANG_WARN_BLOCK_CAPTURE_AUTORELEASING = YES;
				CLANG_WARN_BOOL_CONVERSION = YES;
				CLANG_WARN_COMMA = YES;
				CLANG_WARN_CONSTANT_CONVERSION = YES;
				CLANG_WARN_DEPRECATED_OBJC_IMPLEMENTATIONS = YES;
				CLANG_WARN_DIRECT_OBJC_ISA_USAGE = YES_ERROR;
				CLANG_WARN_DOCUMENTATION_COMMENTS = YES;
				CLANG_WARN_EMPTY_BODY = YES;
				CLANG_WARN_ENUM_CONVERSION = YES;
				CLANG_WARN_INFINITE_RECURSION = YES;
				CLANG_WARN_INT_CONVERSION = YES;
				CLANG_WARN_NON_LITERAL_NULL_CONVERSION = YES;
				CLANG_WARN_OBJC_IMPLICIT_RETAIN_SELF = YES;
				CLANG_WARN_OBJC_LITERAL_CONVERSION = YES;
				CLANG_WARN_OBJC_ROOT_CLASS = YES_ERROR;
				CLANG_WARN_QUOTED_INCLUDE_IN_FRAMEWORK_HEADER = YES;
				CLANG_WARN_RANGE_LOOP_ANALYSIS = YES;
				CLANG_WARN_STRICT_PROTOTYPES = YES;
				CLANG_WARN_SUSPICIOUS_MOVE = YES;
				CLANG_WARN_UNGUARDED_AVAILABILITY = YES_AGGRESSIVE;
				CLANG_WARN_UNREACHABLE_CODE = YES;
				CLANG_WARN__DUPLICATE_METHOD_MATCH = YES;
				COPY_PHASE_STRIP = NO;
				DEBUG_INFORMATION_FORMAT = dwarf;
				ENABLE_STRICT_OBJC_MSGSEND = YES;
				ENABLE_TESTABILITY = YES;
				GCC_C_LANGUAGE_STANDARD = gnu11;
				GCC_DYNAMIC_NO_PIC = NO;
				GCC_NO_COMMON_BLOCKS = YES;
				GCC_OPTIMIZATION_LEVEL = 0;
				GCC_PREPROCESSOR_DEFINITIONS = (
					"DEBUG=1",
					"$(inherited)",
				);
				GCC_WARN_64_TO_32_BIT_CONVERSION = YES;
				GCC_WARN_ABOUT_RETURN_TYPE = YES_ERROR;
				GCC_WARN_UNDECLARED_SELECTOR = YES;
				GCC_WARN_UNINITIALIZED_AUTOS = YES_AGGRESSIVE;
				GCC_WARN_UNUSED_FUNCTION = YES;
				GCC_WARN_UNUSED_VARIABLE = YES;
				IPHONEOS_DEPLOYMENT_TARGET = 13.5;
				MTL_ENABLE_DEBUG_INFO = INCLUDE_SOURCE;
				MTL_FAST_MATH = YES;
				ONLY_ACTIVE_ARCH = YES;
				SDKROOT = iphoneos;
				SWIFT_ACTIVE_COMPILATION_CONDITIONS = DEBUG;
				SWIFT_OPTIMIZATION_LEVEL = "-Onone";
			};
			name = Debug;
		};
		791392F9298FE9BC00F43F42 /* Release */ = {
			isa = XCBuildConfiguration;
			buildSettings = {
				ALWAYS_SEARCH_USER_PATHS = NO;
				CLANG_ANALYZER_NONNULL = YES;
				CLANG_ANALYZER_NUMBER_OBJECT_CONVERSION = YES_AGGRESSIVE;
				CLANG_CXX_LANGUAGE_STANDARD = "gnu++20";
				CLANG_ENABLE_MODULES = YES;
				CLANG_ENABLE_OBJC_ARC = YES;
				CLANG_ENABLE_OBJC_WEAK = YES;
				CLANG_WARN_BLOCK_CAPTURE_AUTORELEASING = YES;
				CLANG_WARN_BOOL_CONVERSION = YES;
				CLANG_WARN_COMMA = YES;
				CLANG_WARN_CONSTANT_CONVERSION = YES;
				CLANG_WARN_DEPRECATED_OBJC_IMPLEMENTATIONS = YES;
				CLANG_WARN_DIRECT_OBJC_ISA_USAGE = YES_ERROR;
				CLANG_WARN_DOCUMENTATION_COMMENTS = YES;
				CLANG_WARN_EMPTY_BODY = YES;
				CLANG_WARN_ENUM_CONVERSION = YES;
				CLANG_WARN_INFINITE_RECURSION = YES;
				CLANG_WARN_INT_CONVERSION = YES;
				CLANG_WARN_NON_LITERAL_NULL_CONVERSION = YES;
				CLANG_WARN_OBJC_IMPLICIT_RETAIN_SELF = YES;
				CLANG_WARN_OBJC_LITERAL_CONVERSION = YES;
				CLANG_WARN_OBJC_ROOT_CLASS = YES_ERROR;
				CLANG_WARN_QUOTED_INCLUDE_IN_FRAMEWORK_HEADER = YES;
				CLANG_WARN_RANGE_LOOP_ANALYSIS = YES;
				CLANG_WARN_STRICT_PROTOTYPES = YES;
				CLANG_WARN_SUSPICIOUS_MOVE = YES;
				CLANG_WARN_UNGUARDED_AVAILABILITY = YES_AGGRESSIVE;
				CLANG_WARN_UNREACHABLE_CODE = YES;
				CLANG_WARN__DUPLICATE_METHOD_MATCH = YES;
				COPY_PHASE_STRIP = NO;
				DEBUG_INFORMATION_FORMAT = "dwarf-with-dsym";
				ENABLE_NS_ASSERTIONS = NO;
				ENABLE_STRICT_OBJC_MSGSEND = YES;
				GCC_C_LANGUAGE_STANDARD = gnu11;
				GCC_NO_COMMON_BLOCKS = YES;
				GCC_WARN_64_TO_32_BIT_CONVERSION = YES;
				GCC_WARN_ABOUT_RETURN_TYPE = YES_ERROR;
				GCC_WARN_UNDECLARED_SELECTOR = YES;
				GCC_WARN_UNINITIALIZED_AUTOS = YES_AGGRESSIVE;
				GCC_WARN_UNUSED_FUNCTION = YES;
				GCC_WARN_UNUSED_VARIABLE = YES;
				IPHONEOS_DEPLOYMENT_TARGET = 13.5;
				MTL_ENABLE_DEBUG_INFO = NO;
				MTL_FAST_MATH = YES;
				SDKROOT = iphoneos;
				SWIFT_COMPILATION_MODE = wholemodule;
				SWIFT_OPTIMIZATION_LEVEL = "-O";
				VALIDATE_PRODUCT = YES;
			};
			name = Release;
		};
		791392FB298FE9BC00F43F42 /* Debug */ = {
			isa = XCBuildConfiguration;
			buildSettings = {
				ASSETCATALOG_COMPILER_APPICON_NAME = AppIcon;
				ASSETCATALOG_COMPILER_GLOBAL_ACCENT_COLOR_NAME = AccentColor;
				CODE_SIGN_STYLE = Automatic;
				CURRENT_PROJECT_VERSION = 1;
				DEVELOPMENT_TEAM = WUXSC8N9K8;
				GENERATE_INFOPLIST_FILE = YES;
				INFOPLIST_FILE = "Bosta-iOS-Task/Utilities/Info.plist";
				INFOPLIST_KEY_UIApplicationSupportsIndirectInputEvents = YES;
				INFOPLIST_KEY_UILaunchStoryboardName = LaunchScreen;
				INFOPLIST_KEY_UISupportedInterfaceOrientations = UIInterfaceOrientationPortrait;
				INFOPLIST_KEY_UISupportedInterfaceOrientations_iPad = "UIInterfaceOrientationLandscapeLeft UIInterfaceOrientationLandscapeRight UIInterfaceOrientationPortrait UIInterfaceOrientationPortraitUpsideDown";
				IPHONEOS_DEPLOYMENT_TARGET = 13.5;
				LD_RUNPATH_SEARCH_PATHS = (
					"$(inherited)",
					"@executable_path/Frameworks",
				);
				MARKETING_VERSION = 1.0;
				PRODUCT_BUNDLE_IDENTIFIER = "com.ahmednasr.Bosta-iOS-Task";
				PRODUCT_NAME = "$(TARGET_NAME)";
				SUPPORTED_PLATFORMS = "iphoneos iphonesimulator";
				SUPPORTS_MACCATALYST = NO;
				SUPPORTS_MAC_DESIGNED_FOR_IPHONE_IPAD = NO;
				SWIFT_EMIT_LOC_STRINGS = YES;
				SWIFT_VERSION = 5.0;
				TARGETED_DEVICE_FAMILY = 1;
			};
			name = Debug;
		};
		791392FC298FE9BC00F43F42 /* Release */ = {
			isa = XCBuildConfiguration;
			buildSettings = {
				ASSETCATALOG_COMPILER_APPICON_NAME = AppIcon;
				ASSETCATALOG_COMPILER_GLOBAL_ACCENT_COLOR_NAME = AccentColor;
				CODE_SIGN_STYLE = Automatic;
				CURRENT_PROJECT_VERSION = 1;
				DEVELOPMENT_TEAM = WUXSC8N9K8;
				GENERATE_INFOPLIST_FILE = YES;
				INFOPLIST_FILE = "Bosta-iOS-Task/Utilities/Info.plist";
				INFOPLIST_KEY_UIApplicationSupportsIndirectInputEvents = YES;
				INFOPLIST_KEY_UILaunchStoryboardName = LaunchScreen;
				INFOPLIST_KEY_UISupportedInterfaceOrientations = UIInterfaceOrientationPortrait;
				INFOPLIST_KEY_UISupportedInterfaceOrientations_iPad = "UIInterfaceOrientationLandscapeLeft UIInterfaceOrientationLandscapeRight UIInterfaceOrientationPortrait UIInterfaceOrientationPortraitUpsideDown";
				IPHONEOS_DEPLOYMENT_TARGET = 13.5;
				LD_RUNPATH_SEARCH_PATHS = (
					"$(inherited)",
					"@executable_path/Frameworks",
				);
				MARKETING_VERSION = 1.0;
				PRODUCT_BUNDLE_IDENTIFIER = "com.ahmednasr.Bosta-iOS-Task";
				PRODUCT_NAME = "$(TARGET_NAME)";
				SUPPORTED_PLATFORMS = "iphoneos iphonesimulator";
				SUPPORTS_MACCATALYST = NO;
				SUPPORTS_MAC_DESIGNED_FOR_IPHONE_IPAD = NO;
				SWIFT_EMIT_LOC_STRINGS = YES;
				SWIFT_VERSION = 5.0;
				TARGETED_DEVICE_FAMILY = 1;
			};
			name = Release;
		};
/* End XCBuildConfiguration section */

/* Begin XCConfigurationList section */
		791392E1298FE9BA00F43F42 /* Build configuration list for PBXProject "Bosta-iOS-Task" */ = {
			isa = XCConfigurationList;
			buildConfigurations = (
				791392F8298FE9BC00F43F42 /* Debug */,
				791392F9298FE9BC00F43F42 /* Release */,
			);
			defaultConfigurationIsVisible = 0;
			defaultConfigurationName = Release;
		};
		791392FA298FE9BC00F43F42 /* Build configuration list for PBXNativeTarget "Bosta-iOS-Task" */ = {
			isa = XCConfigurationList;
			buildConfigurations = (
				791392FB298FE9BC00F43F42 /* Debug */,
				791392FC298FE9BC00F43F42 /* Release */,
			);
			defaultConfigurationIsVisible = 0;
			defaultConfigurationName = Release;
		};
/* End XCConfigurationList section */

/* Begin XCRemoteSwiftPackageReference section */
		79463FB62990336200B59A92 /* XCRemoteSwiftPackageReference "RxSwift" */ = {
			isa = XCRemoteSwiftPackageReference;
			repositoryURL = "https://github.com/ReactiveX/RxSwift";
			requirement = {
				kind = upToNextMajorVersion;
				minimumVersion = 6.0.0;
			};
		};
		79F1517A29900F4400D8F5FD /* XCRemoteSwiftPackageReference "Moya" */ = {
			isa = XCRemoteSwiftPackageReference;
			repositoryURL = "https://github.com/Moya/Moya";
			requirement = {
				kind = upToNextMajorVersion;
				minimumVersion = 15.0.0;
			};
		};
/* End XCRemoteSwiftPackageReference section */

/* Begin XCSwiftPackageProductDependency section */
		79139312298FEC4F00F43F42 /* Networking */ = {
			isa = XCSwiftPackageProductDependency;
			productName = Networking;
		};
		79139314298FEC5400F43F42 /* Core */ = {
			isa = XCSwiftPackageProductDependency;
			productName = Core;
		};
		79139316298FEC5700F43F42 /* Domain */ = {
			isa = XCSwiftPackageProductDependency;
			productName = Domain;
		};
		79139318298FEC5B00F43F42 /* UIBostaStyle */ = {
			isa = XCSwiftPackageProductDependency;
			productName = UIBostaStyle;
		};
		79463FB72990336200B59A92 /* RxCocoa */ = {
			isa = XCSwiftPackageProductDependency;
			package = 79463FB62990336200B59A92 /* XCRemoteSwiftPackageReference "RxSwift" */;
			productName = RxCocoa;
		};
		79463FB92990336200B59A92 /* RxSwift */ = {
			isa = XCSwiftPackageProductDependency;
			package = 79463FB62990336200B59A92 /* XCRemoteSwiftPackageReference "RxSwift" */;
			productName = RxSwift;
		};
		79F1517B29900F4400D8F5FD /* Moya */ = {
			isa = XCSwiftPackageProductDependency;
			package = 79F1517A29900F4400D8F5FD /* XCRemoteSwiftPackageReference "Moya" */;
			productName = Moya;
		};
/* End XCSwiftPackageProductDependency section */
	};
	rootObject = 791392DE298FE9BA00F43F42 /* Project object */;
}
